
Microsoft Visual Studio Solution File, Format Version 12.00
# Visual Studio Version 17
VisualStudioVersion = 17.0.31912.275
MinimumVisualStudioVersion = 10.0.40219.1
Project("{FAE04EC0-301F-11D3-BF4B-00C04F79EFBC}") = "DataPanelToSql", "DataPanelToSql\DataPanelToSql.csproj", "{A3FDE920-E696-41BE-BC5E-05544BB221AB}"
EndProject
Global
	GlobalSection(SolutionConfigurationPlatforms) = preSolution
		Debug|Any CPU = Debug|Any CPU
		Release|Any CPU = Release|Any CPU
	EndGlobalSection
	GlobalSection(ProjectConfigurationPlatforms) = postSolution
		{A3FDE920-E696-41BE-BC5E-05544BB221AB}.Debug|Any CPU.ActiveCfg = Debug|Any CPU
		{A3FDE920-E696-41BE-BC5E-05544BB221AB}.Debug|Any CPU.Build.0 = Debug|Any CPU
		{A3FDE920-E696-41BE-BC5E-05544BB221AB}.Release|Any CPU.ActiveCfg = Release|Any CPU
		{A3FDE920-E696-41BE-BC5E-05544BB221AB}.Release|Any CPU.Build.0 = Release|Any CPU
	EndGlobalSection
	GlobalSection(SolutionProperties) = preSolution
		HideSolutionNode = FALSE
	EndGlobalSection
	GlobalSection(ExtensibilityGlobals) = postSolution
		SolutionGuid = {27886F16-B166-44ED-9E34-818C07A1CA4E}
	EndGlobalSection
EndGlobal
